{
  "name": "node-lambda-typescript-template",
  "version": "0.0.0",
  "lockfileVersion": 1,
  "requires": true,
  "dependencies": {
    "@types/node": {
      "version": "12.20.49",
      "resolved": "https://registry.npmjs.org/@types/node/-/node-12.20.49.tgz",
      "integrity": "sha512-5e6QNb9bkeh4Hni4ktLqUZuUqnGTX/kou2aZkXyxtuYaHXgBm+In1SHR9V+7kDzWzjB08KC2uqt2doDi7cuAAA==",
      "dev": true
    }
  }
}
